
Microsoft Visual Studio Solution File, Format Version 12.00
# Visual Studio Version 16
VisualStudioVersion = 16.0.30717.126
MinimumVisualStudioVersion = 10.0.40219.1
Project("{FAE04EC0-301F-11D3-BF4B-00C04F79EFBC}") = "Mikroszimuláció", "Mikroszimuláció\Mikroszimuláció.csproj", "{75A4EA50-6411-4A4A-8E74-7D385C2CE30D}"
EndProject
Global
	GlobalSection(SolutionConfigurationPlatforms) = preSolution
		Debug|Any CPU = Debug|Any CPU
		Release|Any CPU = Release|Any CPU
	EndGlobalSection
	GlobalSection(ProjectConfigurationPlatforms) = postSolution
		{75A4EA50-6411-4A4A-8E74-7D385C2CE30D}.Debug|Any CPU.ActiveCfg = Debug|Any CPU
		{75A4EA50-6411-4A4A-8E74-7D385C2CE30D}.Debug|Any CPU.Build.0 = Debug|Any CPU
		{75A4EA50-6411-4A4A-8E74-7D385C2CE30D}.Release|Any CPU.ActiveCfg = Release|Any CPU
		{75A4EA50-6411-4A4A-8E74-7D385C2CE30D}.Release|Any CPU.Build.0 = Release|Any CPU
	EndGlobalSection
	GlobalSection(SolutionProperties) = preSolution
		HideSolutionNode = FALSE
	EndGlobalSection
	GlobalSection(ExtensibilityGlobals) = postSolution
		SolutionGuid = {8D04FC0D-39FB-4A48-908E-A227AAC38418}
	EndGlobalSection
EndGlobal
